
Microsoft Visual Studio Solution File, Format Version 12.00
# Visual Studio Version 17
VisualStudioVersion = 17.10.34916.146
MinimumVisualStudioVersion = 10.0.40219.1
Project("{9A19103F-16F7-4668-BE54-9A1E7A4F7556}") = "API", "API.csproj", "{3C460A60-EC0C-4ED0-82FE-85353EB6F6D9}"
EndProject
Project("{9A19103F-16F7-4668-BE54-9A1E7A4F7556}") = "Dominio", "..\Dominio\Dominio.csproj", "{163E95FB-12B7-454B-9D96-84EF5BA71329}"
EndProject
Project("{FAE04EC0-301F-11D3-BF4B-00C04F79EFBC}") = "Testes", "..\Testes\Testes.csproj", "{2408031B-D751-41D9-9A3D-152A9624AFD9}"
EndProject
Global
	GlobalSection(SolutionConfigurationPlatforms) = preSolution
		Debug|Any CPU = Debug|Any CPU
		Release|Any CPU = Release|Any CPU
	EndGlobalSection
	GlobalSection(ProjectConfigurationPlatforms) = postSolution
		{3C460A60-EC0C-4ED0-82FE-85353EB6F6D9}.Debug|Any CPU.ActiveCfg = Debug|Any CPU
		{3C460A60-EC0C-4ED0-82FE-85353EB6F6D9}.Debug|Any CPU.Build.0 = Debug|Any CPU
		{3C460A60-EC0C-4ED0-82FE-85353EB6F6D9}.Release|Any CPU.ActiveCfg = Release|Any CPU
		{3C460A60-EC0C-4ED0-82FE-85353EB6F6D9}.Release|Any CPU.Build.0 = Release|Any CPU
		{163E95FB-12B7-454B-9D96-84EF5BA71329}.Debug|Any CPU.ActiveCfg = Debug|Any CPU
		{163E95FB-12B7-454B-9D96-84EF5BA71329}.Debug|Any CPU.Build.0 = Debug|Any CPU
		{163E95FB-12B7-454B-9D96-84EF5BA71329}.Release|Any CPU.ActiveCfg = Release|Any CPU
		{163E95FB-12B7-454B-9D96-84EF5BA71329}.Release|Any CPU.Build.0 = Release|Any CPU
		{2408031B-D751-41D9-9A3D-152A9624AFD9}.Debug|Any CPU.ActiveCfg = Debug|Any CPU
		{2408031B-D751-41D9-9A3D-152A9624AFD9}.Debug|Any CPU.Build.0 = Debug|Any CPU
		{2408031B-D751-41D9-9A3D-152A9624AFD9}.Release|Any CPU.ActiveCfg = Release|Any CPU
		{2408031B-D751-41D9-9A3D-152A9624AFD9}.Release|Any CPU.Build.0 = Release|Any CPU
	EndGlobalSection
	GlobalSection(SolutionProperties) = preSolution
		HideSolutionNode = FALSE
	EndGlobalSection
	GlobalSection(ExtensibilityGlobals) = postSolution
		SolutionGuid = {B4C47C97-74D1-4AC1-8C3A-524F0FC2E46D}
	EndGlobalSection
EndGlobal
