
Microsoft Visual Studio Solution File, Format Version 12.00
# Visual Studio Version 17
VisualStudioVersion = 17.10.34916.146
MinimumVisualStudioVersion = 10.0.40219.1
Project("{FAE04EC0-301F-11D3-BF4B-00C04F79EFBC}") = "API", "API.csproj", "{3C460A60-EC0C-4ED0-82FE-85353EB6F6D9}"
EndProject
Global
	GlobalSection(SolutionConfigurationPlatforms) = preSolution
		Debug|Any CPU = Debug|Any CPU
		Release|Any CPU = Release|Any CPU
	EndGlobalSection
	GlobalSection(ProjectConfigurationPlatforms) = postSolution
		{3C460A60-EC0C-4ED0-82FE-85353EB6F6D9}.Debug|Any CPU.ActiveCfg = Debug|Any CPU
		{3C460A60-EC0C-4ED0-82FE-85353EB6F6D9}.Debug|Any CPU.Build.0 = Debug|Any CPU
		{3C460A60-EC0C-4ED0-82FE-85353EB6F6D9}.Release|Any CPU.ActiveCfg = Release|Any CPU
		{3C460A60-EC0C-4ED0-82FE-85353EB6F6D9}.Release|Any CPU.Build.0 = Release|Any CPU
	EndGlobalSection
	GlobalSection(SolutionProperties) = preSolution
		HideSolutionNode = FALSE
	EndGlobalSection
	GlobalSection(ExtensibilityGlobals) = postSolution
		SolutionGuid = {B4C47C97-74D1-4AC1-8C3A-524F0FC2E46D}
	EndGlobalSection
EndGlobal
